
Microsoft Visual Studio Solution File, Format Version 12.00
Project("{FAE04EC0-301F-11D3-BF4B-00C04F79EFBC}") = "TechFixSolution", "TechFixSolution\TechFixSolution.csproj", "{B3EB7A70-8F1D-4BAC-8207-15BB42DD5126}"
EndProject
Project("{FAE04EC0-301F-11D3-BF4B-00C04F79EFBC}") = "QuotationService", "QuotationService\QuotationService.csproj", "{A974D72E-F1B6-405B-AE29-021983FD2D9D}"
EndProject
Global
	GlobalSection(SolutionConfigurationPlatforms) = preSolution
		Debug|Any CPU = Debug|Any CPU
		Release|Any CPU = Release|Any CPU
	EndGlobalSection
	GlobalSection(ProjectConfigurationPlatforms) = postSolution
		{B3EB7A70-8F1D-4BAC-8207-15BB42DD5126}.Debug|Any CPU.ActiveCfg = Debug|Any CPU
		{B3EB7A70-8F1D-4BAC-8207-15BB42DD5126}.Debug|Any CPU.Build.0 = Debug|Any CPU
		{B3EB7A70-8F1D-4BAC-8207-15BB42DD5126}.Release|Any CPU.ActiveCfg = Release|Any CPU
		{B3EB7A70-8F1D-4BAC-8207-15BB42DD5126}.Release|Any CPU.Build.0 = Release|Any CPU
		{A974D72E-F1B6-405B-AE29-021983FD2D9D}.Debug|Any CPU.ActiveCfg = Debug|Any CPU
		{A974D72E-F1B6-405B-AE29-021983FD2D9D}.Debug|Any CPU.Build.0 = Debug|Any CPU
		{A974D72E-F1B6-405B-AE29-021983FD2D9D}.Release|Any CPU.ActiveCfg = Release|Any CPU
		{A974D72E-F1B6-405B-AE29-021983FD2D9D}.Release|Any CPU.Build.0 = Release|Any CPU
	EndGlobalSection
EndGlobal
